{
  "requires": true,
  "lockfileVersion": 1,
  "dependencies": {
    "@vue/devtools-api": {
      "version": "6.0.8",
      "resolved": "https://registry.npmmirror.com/@vue/devtools-api/-/devtools-api-6.0.8.tgz",
      "integrity": "sha512-bzei608bPVQE2yq9Ghrjn/dnpf27mWfrr0q0ZQiuZoO3LQqFG0T1xSGz+9vw1j9KAZM2Cu9vdQMkddDxqzZGNg=="
    },
    "vue-router": {
      "version": "4.0.12",
      "resolved": "https://registry.npmmirror.com/vue-router/-/vue-router-4.0.12.tgz",
      "integrity": "sha512-CPXvfqe+mZLB1kBWssssTiWg4EQERyqJZes7USiqfW9B5N2x+nHlnsM1D3b5CaJ6qgCvMmYJnz+G0iWjNCvXrg==",
      "requires": {
        "@vue/devtools-api": "^6.0.0-beta.18"
      }
    }
  }
}
